
Microsoft Visual Studio Solution File, Format Version 12.00
# Visual Studio 15
VisualStudioVersion = 15.0.27004.2009
MinimumVisualStudioVersion = 10.0.40219.1
Project("{FAE04EC0-301F-11D3-BF4B-00C04F79EFBC}") = "FileNameFixer", "FileNameFixer\FileNameFixer.csproj", "{3CDE74F2-076F-4A34-9C08-9D859B43CF62}"
EndProject
Project("{FAE04EC0-301F-11D3-BF4B-00C04F79EFBC}") = "FileController.Core", "FileController.Core\FileController.Core.csproj", "{4D49150F-439B-46CA-9715-B2C2854EC25D}"
EndProject
Project("{FAE04EC0-301F-11D3-BF4B-00C04F79EFBC}") = "FileController.FileWatcher", "FileController.FileWatcher\FileController.FileWatcher.csproj", "{BD001308-36F9-4655-90DC-9D754E72300C}"
EndProject
Global
	GlobalSection(SolutionConfigurationPlatforms) = preSolution
		Debug|Any CPU = Debug|Any CPU
		Release|Any CPU = Release|Any CPU
	EndGlobalSection
	GlobalSection(ProjectConfigurationPlatforms) = postSolution
		{3CDE74F2-076F-4A34-9C08-9D859B43CF62}.Debug|Any CPU.ActiveCfg = Debug|Any CPU
		{3CDE74F2-076F-4A34-9C08-9D859B43CF62}.Debug|Any CPU.Build.0 = Debug|Any CPU
		{3CDE74F2-076F-4A34-9C08-9D859B43CF62}.Release|Any CPU.ActiveCfg = Release|Any CPU
		{3CDE74F2-076F-4A34-9C08-9D859B43CF62}.Release|Any CPU.Build.0 = Release|Any CPU
		{4D49150F-439B-46CA-9715-B2C2854EC25D}.Debug|Any CPU.ActiveCfg = Debug|Any CPU
		{4D49150F-439B-46CA-9715-B2C2854EC25D}.Debug|Any CPU.Build.0 = Debug|Any CPU
		{4D49150F-439B-46CA-9715-B2C2854EC25D}.Release|Any CPU.ActiveCfg = Release|Any CPU
		{4D49150F-439B-46CA-9715-B2C2854EC25D}.Release|Any CPU.Build.0 = Release|Any CPU
		{BD001308-36F9-4655-90DC-9D754E72300C}.Debug|Any CPU.ActiveCfg = Debug|Any CPU
		{BD001308-36F9-4655-90DC-9D754E72300C}.Debug|Any CPU.Build.0 = Debug|Any CPU
		{BD001308-36F9-4655-90DC-9D754E72300C}.Release|Any CPU.ActiveCfg = Release|Any CPU
		{BD001308-36F9-4655-90DC-9D754E72300C}.Release|Any CPU.Build.0 = Release|Any CPU
	EndGlobalSection
	GlobalSection(SolutionProperties) = preSolution
		HideSolutionNode = FALSE
	EndGlobalSection
	GlobalSection(ExtensibilityGlobals) = postSolution
		SolutionGuid = {D7C58C2F-2A88-4422-9A7A-ED0CCF84AA66}
	EndGlobalSection
EndGlobal
