
Microsoft Visual Studio Solution File, Format Version 12.00
# Visual Studio 15
VisualStudioVersion = 15.0.27004.2009
MinimumVisualStudioVersion = 10.0.40219.1
Project("{9A19103F-16F7-4668-BE54-9A1E7A4F7556}") = "Common.Core", "Common.Core\Common.Core.csproj", "{5A6EFDBB-8405-4BCA-9BEC-BCF3592AB75B}"
EndProject
Project("{9A19103F-16F7-4668-BE54-9A1E7A4F7556}") = "DevStartPage.Core", "DevStartPage.Core\DevStartPage.Core.csproj", "{60C15093-8AE4-4A87-AB3B-7E7E8CD12D59}"
EndProject
Project("{00D1A9C2-B5F0-4AF3-8072-F6C62B433612}") = "DevStartPage.Database", "DevStartPage.Database\DevStartPage.Database.sqlproj", "{0FF7CB22-809F-4042-BB66-D15F2C37B0B6}"
EndProject
Project("{FAE04EC0-301F-11D3-BF4B-00C04F79EFBC}") = "DevStartPage.Web.AngularCli", "DevStartPage.Web.AngularCli\DevStartPage.Web.AngularCli.csproj", "{A54055BE-9E8D-4782-88E7-16C9EBCC3404}"
EndProject
Global
	GlobalSection(SolutionConfigurationPlatforms) = preSolution
		Debug|Any CPU = Debug|Any CPU
		Release|Any CPU = Release|Any CPU
	EndGlobalSection
	GlobalSection(ProjectConfigurationPlatforms) = postSolution
		{5A6EFDBB-8405-4BCA-9BEC-BCF3592AB75B}.Debug|Any CPU.ActiveCfg = Debug|Any CPU
		{5A6EFDBB-8405-4BCA-9BEC-BCF3592AB75B}.Debug|Any CPU.Build.0 = Debug|Any CPU
		{5A6EFDBB-8405-4BCA-9BEC-BCF3592AB75B}.Release|Any CPU.ActiveCfg = Release|Any CPU
		{5A6EFDBB-8405-4BCA-9BEC-BCF3592AB75B}.Release|Any CPU.Build.0 = Release|Any CPU
		{60C15093-8AE4-4A87-AB3B-7E7E8CD12D59}.Debug|Any CPU.ActiveCfg = Debug|Any CPU
		{60C15093-8AE4-4A87-AB3B-7E7E8CD12D59}.Debug|Any CPU.Build.0 = Debug|Any CPU
		{60C15093-8AE4-4A87-AB3B-7E7E8CD12D59}.Release|Any CPU.ActiveCfg = Release|Any CPU
		{60C15093-8AE4-4A87-AB3B-7E7E8CD12D59}.Release|Any CPU.Build.0 = Release|Any CPU
		{0FF7CB22-809F-4042-BB66-D15F2C37B0B6}.Debug|Any CPU.ActiveCfg = Debug|Any CPU
		{0FF7CB22-809F-4042-BB66-D15F2C37B0B6}.Debug|Any CPU.Build.0 = Debug|Any CPU
		{0FF7CB22-809F-4042-BB66-D15F2C37B0B6}.Debug|Any CPU.Deploy.0 = Debug|Any CPU
		{0FF7CB22-809F-4042-BB66-D15F2C37B0B6}.Release|Any CPU.ActiveCfg = Release|Any CPU
		{0FF7CB22-809F-4042-BB66-D15F2C37B0B6}.Release|Any CPU.Build.0 = Release|Any CPU
		{0FF7CB22-809F-4042-BB66-D15F2C37B0B6}.Release|Any CPU.Deploy.0 = Release|Any CPU
		{A54055BE-9E8D-4782-88E7-16C9EBCC3404}.Debug|Any CPU.ActiveCfg = Debug|Any CPU
		{A54055BE-9E8D-4782-88E7-16C9EBCC3404}.Debug|Any CPU.Build.0 = Debug|Any CPU
		{A54055BE-9E8D-4782-88E7-16C9EBCC3404}.Release|Any CPU.ActiveCfg = Release|Any CPU
		{A54055BE-9E8D-4782-88E7-16C9EBCC3404}.Release|Any CPU.Build.0 = Release|Any CPU
	EndGlobalSection
	GlobalSection(SolutionProperties) = preSolution
		HideSolutionNode = FALSE
	EndGlobalSection
	GlobalSection(ExtensibilityGlobals) = postSolution
		SolutionGuid = {94998115-0829-4D0B-9BC9-42938B096052}
	EndGlobalSection
EndGlobal
