
Microsoft Visual Studio Solution File, Format Version 12.00
# Visual Studio 15
VisualStudioVersion = 15.0.27004.2009
MinimumVisualStudioVersion = 10.0.40219.1
Project("{FAE04EC0-301F-11D3-BF4B-00C04F79EFBC}") = "Arrays", "Arrays\Arrays.csproj", "{C68C7B45-7D9A-471B-94F4-CA6B08BA211F}"
EndProject
Project("{FAE04EC0-301F-11D3-BF4B-00C04F79EFBC}") = "IListExample", "IListExample\IListExample.csproj", "{674D06F2-B9A2-4F0F-845D-96A72A30EF2B}"
EndProject
Project("{FAE04EC0-301F-11D3-BF4B-00C04F79EFBC}") = "CustomException", "CustomException\CustomException.csproj", "{37B97D0B-93AD-47A7-9E83-684C0073236A}"
EndProject
Project("{FAE04EC0-301F-11D3-BF4B-00C04F79EFBC}") = "EncryptionExample", "EncryptionExample\EncryptionExample.csproj", "{B15988CD-01FD-498B-BFF0-305C5EE0F5D1}"
EndProject
Project("{FAE04EC0-301F-11D3-BF4B-00C04F79EFBC}") = "SQLTesting", "SQLTesting\SQLTesting.csproj", "{239C6C9B-35B9-481E-AFC2-495A21A66D09}"
EndProject
Project("{FAE04EC0-301F-11D3-BF4B-00C04F79EFBC}") = "XMLReader", "XMLReader\XMLReader.csproj", "{B3A1D1F2-C51D-420E-872F-DBB8730795FB}"
EndProject
Project("{FAE04EC0-301F-11D3-BF4B-00C04F79EFBC}") = "MonitoringService", "MonitoringService\MonitoringService.csproj", "{65750684-039B-4432-BEA3-582B4FFF7778}"
EndProject
Project("{FAE04EC0-301F-11D3-BF4B-00C04F79EFBC}") = "ReverseProxy", "ReverseProxy\ReverseProxy.csproj", "{96861D7A-467E-45A0-AABD-79790E7641ED}"
EndProject
Project("{FAE04EC0-301F-11D3-BF4B-00C04F79EFBC}") = "CommandPrompt", "CommandPrompt\CommandPrompt.csproj", "{59056DC5-4730-4E13-8F8E-4A7C8F29CAE8}"
EndProject
Project("{FAE04EC0-301F-11D3-BF4B-00C04F79EFBC}") = "PingExample", "PingExample\PingExample.csproj", "{00399DC0-74C6-40A7-95A8-FD54D0CE7585}"
EndProject
Project("{FAE04EC0-301F-11D3-BF4B-00C04F79EFBC}") = "FileWatcher", "FileWatcher\FileWatcher.csproj", "{38073BF8-0D39-4D0F-9206-93F0844690AD}"
EndProject
Project("{FAE04EC0-301F-11D3-BF4B-00C04F79EFBC}") = "RabbitMQExample", "RabbitMQExample\RabbitMQExample.csproj", "{6867C5A6-9F3A-489C-A682-D752485CDEC9}"
EndProject
Project("{FAE04EC0-301F-11D3-BF4B-00C04F79EFBC}") = "GenericService", "GenericService\GenericService.csproj", "{2476BA23-4F4F-47A8-9326-290CB1FF7C56}"
EndProject
Project("{FAE04EC0-301F-11D3-BF4B-00C04F79EFBC}") = "MusicExample", "MusicExample\MusicExample.csproj", "{E2078C5B-0A21-40CC-9644-631CA4907FD0}"
EndProject
Project("{FAE04EC0-301F-11D3-BF4B-00C04F79EFBC}") = "QueueTools", "QueueTools\QueueTools.csproj", "{94C09DC2-3E12-493D-9DA4-1305D85D51DB}"
EndProject
Project("{FAE04EC0-301F-11D3-BF4B-00C04F79EFBC}") = "MassTransit3_Example", "MassTransit3_Example\MassTransit3_Example.csproj", "{CD0A1B1C-3B11-4F86-B625-A870C1D17E13}"
EndProject
Project("{FAE04EC0-301F-11D3-BF4B-00C04F79EFBC}") = "WebCallsExample", "WebCallsExample\WebCallsExample.csproj", "{DD49A83D-6512-4251-ADDE-3B9A713D1A93}"
EndProject
Project("{FAE04EC0-301F-11D3-BF4B-00C04F79EFBC}") = "XMLExamples", "XMLExamples\XMLExamples.csproj", "{7E1EDF04-6139-4C5A-85D2-14A72779D0B4}"
EndProject
Project("{FAE04EC0-301F-11D3-BF4B-00C04F79EFBC}") = "Common.Formaters", "Common.Formaters\Common.Formaters.csproj", "{C65D2EF4-3256-46B9-8C98-7D6F70B684FE}"
EndProject
Project("{FAE04EC0-301F-11D3-BF4B-00C04F79EFBC}") = "DapperTesting", "DapperTesting\DapperTesting.csproj", "{926CB8E1-AF50-4858-9022-8B860109910C}"
EndProject
Project("{FAE04EC0-301F-11D3-BF4B-00C04F79EFBC}") = "ExcelReader", "ExcelReader\ExcelReader.csproj", "{CC8353FD-ACF9-478F-9F6F-E10E8946B4DB}"
EndProject
Project("{FAE04EC0-301F-11D3-BF4B-00C04F79EFBC}") = "FileExamples", "FileExamples\FileExamples.csproj", "{5787F651-A281-403D-ACA8-9F5081829B95}"
EndProject
Project("{FAE04EC0-301F-11D3-BF4B-00C04F79EFBC}") = "ThreadingExamples", "ThreadingExamples\ThreadingExamples.csproj", "{C00674EE-654F-4E48-B8FB-A5190BD9A5AD}"
EndProject
Project("{9A19103F-16F7-4668-BE54-9A1E7A4F7556}") = "AzureWebAppTesting", "AzureWebAppTesting\AzureWebAppTesting.csproj", "{DF2F1CC3-B2B7-4508-99FF-E5E8687FE20B}"
EndProject
Project("{FAE04EC0-301F-11D3-BF4B-00C04F79EFBC}") = "FizzBuzzGame", "FizzBuzzGame\FizzBuzzGame.csproj", "{2FA76EE2-C927-4749-B203-EF4070464FC0}"
EndProject
Project("{FAE04EC0-301F-11D3-BF4B-00C04F79EFBC}") = "UnitTestsExample", "UnitTestsExample\UnitTestsExample.csproj", "{571C3728-9806-46D0-9097-BFFD8B046D96}"
EndProject
Global
	GlobalSection(SolutionConfigurationPlatforms) = preSolution
		Debug|Any CPU = Debug|Any CPU
		Release|Any CPU = Release|Any CPU
	EndGlobalSection
	GlobalSection(ProjectConfigurationPlatforms) = postSolution
		{C68C7B45-7D9A-471B-94F4-CA6B08BA211F}.Debug|Any CPU.ActiveCfg = Debug|Any CPU
		{C68C7B45-7D9A-471B-94F4-CA6B08BA211F}.Debug|Any CPU.Build.0 = Debug|Any CPU
		{C68C7B45-7D9A-471B-94F4-CA6B08BA211F}.Release|Any CPU.ActiveCfg = Release|Any CPU
		{C68C7B45-7D9A-471B-94F4-CA6B08BA211F}.Release|Any CPU.Build.0 = Release|Any CPU
		{674D06F2-B9A2-4F0F-845D-96A72A30EF2B}.Debug|Any CPU.ActiveCfg = Debug|Any CPU
		{674D06F2-B9A2-4F0F-845D-96A72A30EF2B}.Debug|Any CPU.Build.0 = Debug|Any CPU
		{674D06F2-B9A2-4F0F-845D-96A72A30EF2B}.Release|Any CPU.ActiveCfg = Release|Any CPU
		{674D06F2-B9A2-4F0F-845D-96A72A30EF2B}.Release|Any CPU.Build.0 = Release|Any CPU
		{37B97D0B-93AD-47A7-9E83-684C0073236A}.Debug|Any CPU.ActiveCfg = Debug|Any CPU
		{37B97D0B-93AD-47A7-9E83-684C0073236A}.Debug|Any CPU.Build.0 = Debug|Any CPU
		{37B97D0B-93AD-47A7-9E83-684C0073236A}.Release|Any CPU.ActiveCfg = Release|Any CPU
		{37B97D0B-93AD-47A7-9E83-684C0073236A}.Release|Any CPU.Build.0 = Release|Any CPU
		{B15988CD-01FD-498B-BFF0-305C5EE0F5D1}.Debug|Any CPU.ActiveCfg = Debug|Any CPU
		{B15988CD-01FD-498B-BFF0-305C5EE0F5D1}.Debug|Any CPU.Build.0 = Debug|Any CPU
		{B15988CD-01FD-498B-BFF0-305C5EE0F5D1}.Release|Any CPU.ActiveCfg = Release|Any CPU
		{B15988CD-01FD-498B-BFF0-305C5EE0F5D1}.Release|Any CPU.Build.0 = Release|Any CPU
		{239C6C9B-35B9-481E-AFC2-495A21A66D09}.Debug|Any CPU.ActiveCfg = Debug|Any CPU
		{239C6C9B-35B9-481E-AFC2-495A21A66D09}.Debug|Any CPU.Build.0 = Debug|Any CPU
		{239C6C9B-35B9-481E-AFC2-495A21A66D09}.Release|Any CPU.ActiveCfg = Release|Any CPU
		{239C6C9B-35B9-481E-AFC2-495A21A66D09}.Release|Any CPU.Build.0 = Release|Any CPU
		{B3A1D1F2-C51D-420E-872F-DBB8730795FB}.Debug|Any CPU.ActiveCfg = Debug|Any CPU
		{B3A1D1F2-C51D-420E-872F-DBB8730795FB}.Debug|Any CPU.Build.0 = Debug|Any CPU
		{B3A1D1F2-C51D-420E-872F-DBB8730795FB}.Release|Any CPU.ActiveCfg = Release|Any CPU
		{B3A1D1F2-C51D-420E-872F-DBB8730795FB}.Release|Any CPU.Build.0 = Release|Any CPU
		{65750684-039B-4432-BEA3-582B4FFF7778}.Debug|Any CPU.ActiveCfg = Debug|Any CPU
		{65750684-039B-4432-BEA3-582B4FFF7778}.Debug|Any CPU.Build.0 = Debug|Any CPU
		{65750684-039B-4432-BEA3-582B4FFF7778}.Release|Any CPU.ActiveCfg = Release|Any CPU
		{65750684-039B-4432-BEA3-582B4FFF7778}.Release|Any CPU.Build.0 = Release|Any CPU
		{96861D7A-467E-45A0-AABD-79790E7641ED}.Debug|Any CPU.ActiveCfg = Debug|Any CPU
		{96861D7A-467E-45A0-AABD-79790E7641ED}.Debug|Any CPU.Build.0 = Debug|Any CPU
		{96861D7A-467E-45A0-AABD-79790E7641ED}.Release|Any CPU.ActiveCfg = Release|Any CPU
		{96861D7A-467E-45A0-AABD-79790E7641ED}.Release|Any CPU.Build.0 = Release|Any CPU
		{59056DC5-4730-4E13-8F8E-4A7C8F29CAE8}.Debug|Any CPU.ActiveCfg = Debug|Any CPU
		{59056DC5-4730-4E13-8F8E-4A7C8F29CAE8}.Debug|Any CPU.Build.0 = Debug|Any CPU
		{59056DC5-4730-4E13-8F8E-4A7C8F29CAE8}.Release|Any CPU.ActiveCfg = Release|Any CPU
		{59056DC5-4730-4E13-8F8E-4A7C8F29CAE8}.Release|Any CPU.Build.0 = Release|Any CPU
		{00399DC0-74C6-40A7-95A8-FD54D0CE7585}.Debug|Any CPU.ActiveCfg = Debug|Any CPU
		{00399DC0-74C6-40A7-95A8-FD54D0CE7585}.Debug|Any CPU.Build.0 = Debug|Any CPU
		{00399DC0-74C6-40A7-95A8-FD54D0CE7585}.Release|Any CPU.ActiveCfg = Release|Any CPU
		{00399DC0-74C6-40A7-95A8-FD54D0CE7585}.Release|Any CPU.Build.0 = Release|Any CPU
		{38073BF8-0D39-4D0F-9206-93F0844690AD}.Debug|Any CPU.ActiveCfg = Debug|Any CPU
		{38073BF8-0D39-4D0F-9206-93F0844690AD}.Debug|Any CPU.Build.0 = Debug|Any CPU
		{38073BF8-0D39-4D0F-9206-93F0844690AD}.Release|Any CPU.ActiveCfg = Release|Any CPU
		{38073BF8-0D39-4D0F-9206-93F0844690AD}.Release|Any CPU.Build.0 = Release|Any CPU
		{6867C5A6-9F3A-489C-A682-D752485CDEC9}.Debug|Any CPU.ActiveCfg = Debug|Any CPU
		{6867C5A6-9F3A-489C-A682-D752485CDEC9}.Debug|Any CPU.Build.0 = Debug|Any CPU
		{6867C5A6-9F3A-489C-A682-D752485CDEC9}.Release|Any CPU.ActiveCfg = Release|Any CPU
		{6867C5A6-9F3A-489C-A682-D752485CDEC9}.Release|Any CPU.Build.0 = Release|Any CPU
		{2476BA23-4F4F-47A8-9326-290CB1FF7C56}.Debug|Any CPU.ActiveCfg = Debug|Any CPU
		{2476BA23-4F4F-47A8-9326-290CB1FF7C56}.Debug|Any CPU.Build.0 = Debug|Any CPU
		{2476BA23-4F4F-47A8-9326-290CB1FF7C56}.Release|Any CPU.ActiveCfg = Release|Any CPU
		{2476BA23-4F4F-47A8-9326-290CB1FF7C56}.Release|Any CPU.Build.0 = Release|Any CPU
		{E2078C5B-0A21-40CC-9644-631CA4907FD0}.Debug|Any CPU.ActiveCfg = Debug|Any CPU
		{E2078C5B-0A21-40CC-9644-631CA4907FD0}.Debug|Any CPU.Build.0 = Debug|Any CPU
		{E2078C5B-0A21-40CC-9644-631CA4907FD0}.Release|Any CPU.ActiveCfg = Release|Any CPU
		{E2078C5B-0A21-40CC-9644-631CA4907FD0}.Release|Any CPU.Build.0 = Release|Any CPU
		{94C09DC2-3E12-493D-9DA4-1305D85D51DB}.Debug|Any CPU.ActiveCfg = Debug|Any CPU
		{94C09DC2-3E12-493D-9DA4-1305D85D51DB}.Debug|Any CPU.Build.0 = Debug|Any CPU
		{94C09DC2-3E12-493D-9DA4-1305D85D51DB}.Release|Any CPU.ActiveCfg = Release|Any CPU
		{94C09DC2-3E12-493D-9DA4-1305D85D51DB}.Release|Any CPU.Build.0 = Release|Any CPU
		{CD0A1B1C-3B11-4F86-B625-A870C1D17E13}.Debug|Any CPU.ActiveCfg = Debug|Any CPU
		{CD0A1B1C-3B11-4F86-B625-A870C1D17E13}.Debug|Any CPU.Build.0 = Debug|Any CPU
		{CD0A1B1C-3B11-4F86-B625-A870C1D17E13}.Release|Any CPU.ActiveCfg = Release|Any CPU
		{CD0A1B1C-3B11-4F86-B625-A870C1D17E13}.Release|Any CPU.Build.0 = Release|Any CPU
		{DD49A83D-6512-4251-ADDE-3B9A713D1A93}.Debug|Any CPU.ActiveCfg = Debug|Any CPU
		{DD49A83D-6512-4251-ADDE-3B9A713D1A93}.Debug|Any CPU.Build.0 = Debug|Any CPU
		{DD49A83D-6512-4251-ADDE-3B9A713D1A93}.Release|Any CPU.ActiveCfg = Release|Any CPU
		{DD49A83D-6512-4251-ADDE-3B9A713D1A93}.Release|Any CPU.Build.0 = Release|Any CPU
		{7E1EDF04-6139-4C5A-85D2-14A72779D0B4}.Debug|Any CPU.ActiveCfg = Debug|Any CPU
		{7E1EDF04-6139-4C5A-85D2-14A72779D0B4}.Debug|Any CPU.Build.0 = Debug|Any CPU
		{7E1EDF04-6139-4C5A-85D2-14A72779D0B4}.Release|Any CPU.ActiveCfg = Release|Any CPU
		{7E1EDF04-6139-4C5A-85D2-14A72779D0B4}.Release|Any CPU.Build.0 = Release|Any CPU
		{C65D2EF4-3256-46B9-8C98-7D6F70B684FE}.Debug|Any CPU.ActiveCfg = Debug|Any CPU
		{C65D2EF4-3256-46B9-8C98-7D6F70B684FE}.Debug|Any CPU.Build.0 = Debug|Any CPU
		{C65D2EF4-3256-46B9-8C98-7D6F70B684FE}.Release|Any CPU.ActiveCfg = Release|Any CPU
		{C65D2EF4-3256-46B9-8C98-7D6F70B684FE}.Release|Any CPU.Build.0 = Release|Any CPU
		{926CB8E1-AF50-4858-9022-8B860109910C}.Debug|Any CPU.ActiveCfg = Debug|Any CPU
		{926CB8E1-AF50-4858-9022-8B860109910C}.Debug|Any CPU.Build.0 = Debug|Any CPU
		{926CB8E1-AF50-4858-9022-8B860109910C}.Release|Any CPU.ActiveCfg = Release|Any CPU
		{926CB8E1-AF50-4858-9022-8B860109910C}.Release|Any CPU.Build.0 = Release|Any CPU
		{CC8353FD-ACF9-478F-9F6F-E10E8946B4DB}.Debug|Any CPU.ActiveCfg = Debug|Any CPU
		{CC8353FD-ACF9-478F-9F6F-E10E8946B4DB}.Debug|Any CPU.Build.0 = Debug|Any CPU
		{CC8353FD-ACF9-478F-9F6F-E10E8946B4DB}.Release|Any CPU.ActiveCfg = Release|Any CPU
		{CC8353FD-ACF9-478F-9F6F-E10E8946B4DB}.Release|Any CPU.Build.0 = Release|Any CPU
		{5787F651-A281-403D-ACA8-9F5081829B95}.Debug|Any CPU.ActiveCfg = Debug|Any CPU
		{5787F651-A281-403D-ACA8-9F5081829B95}.Debug|Any CPU.Build.0 = Debug|Any CPU
		{5787F651-A281-403D-ACA8-9F5081829B95}.Release|Any CPU.ActiveCfg = Release|Any CPU
		{5787F651-A281-403D-ACA8-9F5081829B95}.Release|Any CPU.Build.0 = Release|Any CPU
		{C00674EE-654F-4E48-B8FB-A5190BD9A5AD}.Debug|Any CPU.ActiveCfg = Debug|Any CPU
		{C00674EE-654F-4E48-B8FB-A5190BD9A5AD}.Debug|Any CPU.Build.0 = Debug|Any CPU
		{C00674EE-654F-4E48-B8FB-A5190BD9A5AD}.Release|Any CPU.ActiveCfg = Release|Any CPU
		{C00674EE-654F-4E48-B8FB-A5190BD9A5AD}.Release|Any CPU.Build.0 = Release|Any CPU
		{DF2F1CC3-B2B7-4508-99FF-E5E8687FE20B}.Debug|Any CPU.ActiveCfg = Debug|Any CPU
		{DF2F1CC3-B2B7-4508-99FF-E5E8687FE20B}.Debug|Any CPU.Build.0 = Debug|Any CPU
		{DF2F1CC3-B2B7-4508-99FF-E5E8687FE20B}.Release|Any CPU.ActiveCfg = Release|Any CPU
		{DF2F1CC3-B2B7-4508-99FF-E5E8687FE20B}.Release|Any CPU.Build.0 = Release|Any CPU
		{2FA76EE2-C927-4749-B203-EF4070464FC0}.Debug|Any CPU.ActiveCfg = Debug|Any CPU
		{2FA76EE2-C927-4749-B203-EF4070464FC0}.Debug|Any CPU.Build.0 = Debug|Any CPU
		{2FA76EE2-C927-4749-B203-EF4070464FC0}.Release|Any CPU.ActiveCfg = Release|Any CPU
		{2FA76EE2-C927-4749-B203-EF4070464FC0}.Release|Any CPU.Build.0 = Release|Any CPU
		{571C3728-9806-46D0-9097-BFFD8B046D96}.Debug|Any CPU.ActiveCfg = Debug|Any CPU
		{571C3728-9806-46D0-9097-BFFD8B046D96}.Debug|Any CPU.Build.0 = Debug|Any CPU
		{571C3728-9806-46D0-9097-BFFD8B046D96}.Release|Any CPU.ActiveCfg = Release|Any CPU
		{571C3728-9806-46D0-9097-BFFD8B046D96}.Release|Any CPU.Build.0 = Release|Any CPU
	EndGlobalSection
	GlobalSection(SolutionProperties) = preSolution
		HideSolutionNode = FALSE
	EndGlobalSection
	GlobalSection(ExtensibilityGlobals) = postSolution
		SolutionGuid = {9AC4EFBE-DD78-432A-BC09-1DA443CEFF1F}
	EndGlobalSection
EndGlobal
